
Microsoft Visual Studio Solution File, Format Version 12.00
# Visual Studio Version 17
VisualStudioVersion = 17.8.34330.188
MinimumVisualStudioVersion = 10.0.40219.1
Project("{8BC9CEB8-8B4A-11D0-8D11-00A0C91BC942}") = "Struct2", "Struct2\Struct2.vcxproj", "{D01EEA1C-2EB6-4788-8442-4CB860879100}"
EndProject
Global
	GlobalSection(SolutionConfigurationPlatforms) = preSolution
		Debug|x64 = Debug|x64
		Debug|x86 = Debug|x86
		Release|x64 = Release|x64
		Release|x86 = Release|x86
	EndGlobalSection
	GlobalSection(ProjectConfigurationPlatforms) = postSolution
		{D01EEA1C-2EB6-4788-8442-4CB860879100}.Debug|x64.ActiveCfg = Debug|x64
		{D01EEA1C-2EB6-4788-8442-4CB860879100}.Debug|x64.Build.0 = Debug|x64
		{D01EEA1C-2EB6-4788-8442-4CB860879100}.Debug|x86.ActiveCfg = Debug|Win32
		{D01EEA1C-2EB6-4788-8442-4CB860879100}.Debug|x86.Build.0 = Debug|Win32
		{D01EEA1C-2EB6-4788-8442-4CB860879100}.Release|x64.ActiveCfg = Release|x64
		{D01EEA1C-2EB6-4788-8442-4CB860879100}.Release|x64.Build.0 = Release|x64
		{D01EEA1C-2EB6-4788-8442-4CB860879100}.Release|x86.ActiveCfg = Release|Win32
		{D01EEA1C-2EB6-4788-8442-4CB860879100}.Release|x86.Build.0 = Release|Win32
	EndGlobalSection
	GlobalSection(SolutionProperties) = preSolution
		HideSolutionNode = FALSE
	EndGlobalSection
	GlobalSection(ExtensibilityGlobals) = postSolution
		SolutionGuid = {358574EB-78CC-4569-9996-4A29B77CD723}
	EndGlobalSection
EndGlobal
